
Microsoft Visual Studio Solution File, Format Version 12.00
# Visual Studio Version 16
VisualStudioVersion = 16.0.29411.108
MinimumVisualStudioVersion = 10.0.40219.1
Project("{FAE04EC0-301F-11D3-BF4B-00C04F79EFBC}") = "1Helloworld", "1Helloworld\1Helloworld.csproj", "{4C70CF7C-F8AF-441F-99C0-CE737C15E259}"
EndProject
Project("{2150E333-8FDC-42A3-9474-1A3956D46DE8}") = "class 1", "class 1", "{69396AD9-CC8A-467C-A565-F10BCD8840A7}"
EndProject
Project("{FAE04EC0-301F-11D3-BF4B-00C04F79EFBC}") = "2ASKNAME", "2ASKNAME\2ASKNAME.csproj", "{A0B5A559-1EA5-4F4B-A5AD-7438E20A3AC0}"
EndProject
Project("{FAE04EC0-301F-11D3-BF4B-00C04F79EFBC}") = "2ASKAGE", "2ASKAGE\2ASKAGE.csproj", "{3EB7758D-C5CD-4785-9077-F2B9C589E213}"
EndProject
Project("{FAE04EC0-301F-11D3-BF4B-00C04F79EFBC}") = "4String to inteiger", "4String to inteiger\4String to inteiger.csproj", "{24C87A0B-4C61-4D54-84A6-65418B28EA79}"
EndProject
Project("{2150E333-8FDC-42A3-9474-1A3956D46DE8}") = "class 2", "class 2", "{734D8821-4323-403B-BD16-28638233B174}"
EndProject
Project("{FAE04EC0-301F-11D3-BF4B-00C04F79EFBC}") = "ifelse", "ifelse\ifelse.csproj", "{A149B55D-9FCA-4C82-BE74-0051B55B7F24}"
EndProject
Project("{FAE04EC0-301F-11D3-BF4B-00C04F79EFBC}") = "switch", "switch\switch.csproj", "{D097B3C5-D7A6-4E41-8210-9FD21DB9644F}"
EndProject
Project("{FAE04EC0-301F-11D3-BF4B-00C04F79EFBC}") = "hometry ifelse", "hometry\hometry ifelse.csproj", "{35B2BAAB-6F40-4CE4-AE0A-01B49FDABB87}"
EndProject
Project("{FAE04EC0-301F-11D3-BF4B-00C04F79EFBC}") = "3Array", "3Array\3Array.csproj", "{CC442F13-F27D-4CF2-87E5-959B64E0703E}"
EndProject
Project("{FAE04EC0-301F-11D3-BF4B-00C04F79EFBC}") = "forloopArray", "forloopArray\forloopArray.csproj", "{7D333A1B-70D9-4B5D-A1C5-B7E501531635}"
EndProject
Project("{2150E333-8FDC-42A3-9474-1A3956D46DE8}") = "class3", "class3", "{7CF2E7A5-9312-42CA-BD64-E3304B3CEA22}"
EndProject
Project("{FAE04EC0-301F-11D3-BF4B-00C04F79EFBC}") = "1forloop", "1forloop\1forloop.csproj", "{4BF71AF9-CC79-447B-A73D-28CFE7C9B8DD}"
EndProject
Project("{FAE04EC0-301F-11D3-BF4B-00C04F79EFBC}") = "2patternprint", "patternprint\2patternprint.csproj", "{4C046CD2-8361-46C4-AFC7-82A5762B5C0E}"
EndProject
Project("{FAE04EC0-301F-11D3-BF4B-00C04F79EFBC}") = "2reversestring", "2reversestring\2reversestring.csproj", "{908A7C3B-4568-4682-8173-CBA40AB5B7E0}"
EndProject
Project("{FAE04EC0-301F-11D3-BF4B-00C04F79EFBC}") = "3reverse sentence", "3reverse sentence\3reverse sentence.csproj", "{35D697CE-EACB-4C99-935D-D8D325617338}"
EndProject
Project("{FAE04EC0-301F-11D3-BF4B-00C04F79EFBC}") = "5whileloop", "5whileloop\5whileloop.csproj", "{453D5836-547A-43D6-9117-0B6D27259324}"
EndProject
Project("{FAE04EC0-301F-11D3-BF4B-00C04F79EFBC}") = "2ascii", "2ascii\2ascii.csproj", "{E4FC8FE3-453C-42DD-A8F9-89744EDA1579}"
EndProject
Project("{FAE04EC0-301F-11D3-BF4B-00C04F79EFBC}") = "4ceasercipher", "4ceasercipher\4ceasercipher.csproj", "{CF3EA4FC-D126-4B8F-9D84-A40D3E692F11}"
EndProject
Project("{2150E333-8FDC-42A3-9474-1A3956D46DE8}") = "class 4", "class 4", "{11AEF5F5-37A2-42FE-B19C-851704B12C47}"
EndProject
Project("{FAE04EC0-301F-11D3-BF4B-00C04F79EFBC}") = "ClassDemo", "ClassDemo\ClassDemo.csproj", "{3DE89A56-AF69-43DC-ABC9-8D00B60A9131}"
EndProject
Project("{2150E333-8FDC-42A3-9474-1A3956D46DE8}") = "class 5", "class 5", "{EC99863D-25E7-49F5-9F87-D43D0CEB23C2}"
EndProject
Project("{FAE04EC0-301F-11D3-BF4B-00C04F79EFBC}") = "6frequencies of characters", "6frequencies of characters\6frequencies of characters.csproj", "{3FB788BF-F97B-4CFB-950F-0FE63EE8E209}"
EndProject
Project("{2150E333-8FDC-42A3-9474-1A3956D46DE8}") = "class 6", "class 6", "{277EBCC9-0A09-429D-9C15-AC6F7D9E3AD7}"
EndProject
Project("{FAE04EC0-301F-11D3-BF4B-00C04F79EFBC}") = "1openbrowser", "1openbrowser\1openbrowser.csproj", "{E0613AE1-3E44-40B6-A01B-2E3497F2DBE8}"
EndProject
Project("{FAE04EC0-301F-11D3-BF4B-00C04F79EFBC}") = "getdateand time", "getdateand time\getdateand time.csproj", "{0E8CCE1D-5A89-427B-BE50-99D27DB67F1C}"
EndProject
Project("{FAE04EC0-301F-11D3-BF4B-00C04F79EFBC}") = "askserdateof birth", "askserdateof birth\askserdateof birth.csproj", "{73E2EF51-9D65-4C58-A7EE-2DDD345D8137}"
EndProject
Project("{FAE04EC0-301F-11D3-BF4B-00C04F79EFBC}") = "Nunit calculator", "Nunit calculator\Nunit calculator.csproj", "{61E61839-79DE-498D-BD3C-2813C0A66937}"
EndProject
Project("{FAE04EC0-301F-11D3-BF4B-00C04F79EFBC}") = "ClassDemo2", "..\..\..\source\repos\GitHub_Csharp_Oops\ClassDemo2\ClassDemo2.csproj", "{977593DF-B741-478C-A4F9-2CC4607FCA66}"
EndProject
Project("{FAE04EC0-301F-11D3-BF4B-00C04F79EFBC}") = "Automobile", "..\..\..\source\repos\GitHub_Csharp_Oops\Automobile\Automobile.csproj", "{FD8D18A5-ED66-4FC7-AD5B-DE4C46D9E741}"
EndProject
Project("{FAE04EC0-301F-11D3-BF4B-00C04F79EFBC}") = "seleniumn unitannotation", "seleniumn unitannotation\seleniumn unitannotation.csproj", "{523074CE-CC4E-4B39-9DCF-C68871D22333}"
EndProject
Project("{2150E333-8FDC-42A3-9474-1A3956D46DE8}") = "assignment", "assignment", "{1349F2E8-89B8-46E6-8DC6-459C1C45212A}"
EndProject
Project("{FAE04EC0-301F-11D3-BF4B-00C04F79EFBC}") = "arrayorderminmax", "arrayorderminmax\arrayorderminmax.csproj", "{6E524559-57A5-4F8A-B9E0-E21CA2A997BD}"
EndProject
Project("{FAE04EC0-301F-11D3-BF4B-00C04F79EFBC}") = "automationsumrows", "automationsumrows\automationsumrows.csproj", "{CB307F19-02D1-498B-AAF4-30BDAF3C70E4}"
EndProject
Project("{FAE04EC0-301F-11D3-BF4B-00C04F79EFBC}") = "automationsumof rows part2", "automationsumof rows\automationsumof rows part2.csproj", "{3430C6AA-7549-4427-8AEF-7E023BEBAF63}"
EndProject
Project("{FAE04EC0-301F-11D3-BF4B-00C04F79EFBC}") = "automationsum part 3", "automationsum part 3\automationsum part 3.csproj", "{2C43D7FE-33DF-43CD-924B-0444102F829B}"
EndProject
Project("{FAE04EC0-301F-11D3-BF4B-00C04F79EFBC}") = "facebookautomationllogin", "gmaillogin\facebookautomationllogin.csproj", "{B4E2B75E-03B5-4E58-B98D-7F568F433F04}"
EndProject
Project("{FAE04EC0-301F-11D3-BF4B-00C04F79EFBC}") = "TryFacebook", "TryFacebook\TryFacebook.csproj", "{D7815489-DEF7-4E22-838C-472BA9F1DA9C}"
EndProject
Global
	GlobalSection(SolutionConfigurationPlatforms) = preSolution
		Debug|Any CPU = Debug|Any CPU
		Release|Any CPU = Release|Any CPU
	EndGlobalSection
	GlobalSection(ProjectConfigurationPlatforms) = postSolution
		{4C70CF7C-F8AF-441F-99C0-CE737C15E259}.Debug|Any CPU.ActiveCfg = Debug|Any CPU
		{4C70CF7C-F8AF-441F-99C0-CE737C15E259}.Debug|Any CPU.Build.0 = Debug|Any CPU
		{4C70CF7C-F8AF-441F-99C0-CE737C15E259}.Release|Any CPU.ActiveCfg = Release|Any CPU
		{4C70CF7C-F8AF-441F-99C0-CE737C15E259}.Release|Any CPU.Build.0 = Release|Any CPU
		{A0B5A559-1EA5-4F4B-A5AD-7438E20A3AC0}.Debug|Any CPU.ActiveCfg = Debug|Any CPU
		{A0B5A559-1EA5-4F4B-A5AD-7438E20A3AC0}.Debug|Any CPU.Build.0 = Debug|Any CPU
		{A0B5A559-1EA5-4F4B-A5AD-7438E20A3AC0}.Release|Any CPU.ActiveCfg = Release|Any CPU
		{A0B5A559-1EA5-4F4B-A5AD-7438E20A3AC0}.Release|Any CPU.Build.0 = Release|Any CPU
		{3EB7758D-C5CD-4785-9077-F2B9C589E213}.Debug|Any CPU.ActiveCfg = Debug|Any CPU
		{3EB7758D-C5CD-4785-9077-F2B9C589E213}.Debug|Any CPU.Build.0 = Debug|Any CPU
		{3EB7758D-C5CD-4785-9077-F2B9C589E213}.Release|Any CPU.ActiveCfg = Release|Any CPU
		{3EB7758D-C5CD-4785-9077-F2B9C589E213}.Release|Any CPU.Build.0 = Release|Any CPU
		{24C87A0B-4C61-4D54-84A6-65418B28EA79}.Debug|Any CPU.ActiveCfg = Debug|Any CPU
		{24C87A0B-4C61-4D54-84A6-65418B28EA79}.Debug|Any CPU.Build.0 = Debug|Any CPU
		{24C87A0B-4C61-4D54-84A6-65418B28EA79}.Release|Any CPU.ActiveCfg = Release|Any CPU
		{24C87A0B-4C61-4D54-84A6-65418B28EA79}.Release|Any CPU.Build.0 = Release|Any CPU
		{A149B55D-9FCA-4C82-BE74-0051B55B7F24}.Debug|Any CPU.ActiveCfg = Debug|Any CPU
		{A149B55D-9FCA-4C82-BE74-0051B55B7F24}.Debug|Any CPU.Build.0 = Debug|Any CPU
		{A149B55D-9FCA-4C82-BE74-0051B55B7F24}.Release|Any CPU.ActiveCfg = Release|Any CPU
		{A149B55D-9FCA-4C82-BE74-0051B55B7F24}.Release|Any CPU.Build.0 = Release|Any CPU
		{D097B3C5-D7A6-4E41-8210-9FD21DB9644F}.Debug|Any CPU.ActiveCfg = Debug|Any CPU
		{D097B3C5-D7A6-4E41-8210-9FD21DB9644F}.Debug|Any CPU.Build.0 = Debug|Any CPU
		{D097B3C5-D7A6-4E41-8210-9FD21DB9644F}.Release|Any CPU.ActiveCfg = Release|Any CPU
		{D097B3C5-D7A6-4E41-8210-9FD21DB9644F}.Release|Any CPU.Build.0 = Release|Any CPU
		{35B2BAAB-6F40-4CE4-AE0A-01B49FDABB87}.Debug|Any CPU.ActiveCfg = Debug|Any CPU
		{35B2BAAB-6F40-4CE4-AE0A-01B49FDABB87}.Debug|Any CPU.Build.0 = Debug|Any CPU
		{35B2BAAB-6F40-4CE4-AE0A-01B49FDABB87}.Release|Any CPU.ActiveCfg = Release|Any CPU
		{35B2BAAB-6F40-4CE4-AE0A-01B49FDABB87}.Release|Any CPU.Build.0 = Release|Any CPU
		{CC442F13-F27D-4CF2-87E5-959B64E0703E}.Debug|Any CPU.ActiveCfg = Debug|Any CPU
		{CC442F13-F27D-4CF2-87E5-959B64E0703E}.Debug|Any CPU.Build.0 = Debug|Any CPU
		{CC442F13-F27D-4CF2-87E5-959B64E0703E}.Release|Any CPU.ActiveCfg = Release|Any CPU
		{CC442F13-F27D-4CF2-87E5-959B64E0703E}.Release|Any CPU.Build.0 = Release|Any CPU
		{7D333A1B-70D9-4B5D-A1C5-B7E501531635}.Debug|Any CPU.ActiveCfg = Debug|Any CPU
		{7D333A1B-70D9-4B5D-A1C5-B7E501531635}.Debug|Any CPU.Build.0 = Debug|Any CPU
		{7D333A1B-70D9-4B5D-A1C5-B7E501531635}.Release|Any CPU.ActiveCfg = Release|Any CPU
		{7D333A1B-70D9-4B5D-A1C5-B7E501531635}.Release|Any CPU.Build.0 = Release|Any CPU
		{4BF71AF9-CC79-447B-A73D-28CFE7C9B8DD}.Debug|Any CPU.ActiveCfg = Debug|Any CPU
		{4BF71AF9-CC79-447B-A73D-28CFE7C9B8DD}.Debug|Any CPU.Build.0 = Debug|Any CPU
		{4BF71AF9-CC79-447B-A73D-28CFE7C9B8DD}.Release|Any CPU.ActiveCfg = Release|Any CPU
		{4BF71AF9-CC79-447B-A73D-28CFE7C9B8DD}.Release|Any CPU.Build.0 = Release|Any CPU
		{4C046CD2-8361-46C4-AFC7-82A5762B5C0E}.Debug|Any CPU.ActiveCfg = Debug|Any CPU
		{4C046CD2-8361-46C4-AFC7-82A5762B5C0E}.Debug|Any CPU.Build.0 = Debug|Any CPU
		{4C046CD2-8361-46C4-AFC7-82A5762B5C0E}.Release|Any CPU.ActiveCfg = Release|Any CPU
		{4C046CD2-8361-46C4-AFC7-82A5762B5C0E}.Release|Any CPU.Build.0 = Release|Any CPU
		{908A7C3B-4568-4682-8173-CBA40AB5B7E0}.Debug|Any CPU.ActiveCfg = Debug|Any CPU
		{908A7C3B-4568-4682-8173-CBA40AB5B7E0}.Debug|Any CPU.Build.0 = Debug|Any CPU
		{908A7C3B-4568-4682-8173-CBA40AB5B7E0}.Release|Any CPU.ActiveCfg = Release|Any CPU
		{908A7C3B-4568-4682-8173-CBA40AB5B7E0}.Release|Any CPU.Build.0 = Release|Any CPU
		{35D697CE-EACB-4C99-935D-D8D325617338}.Debug|Any CPU.ActiveCfg = Debug|Any CPU
		{35D697CE-EACB-4C99-935D-D8D325617338}.Debug|Any CPU.Build.0 = Debug|Any CPU
		{35D697CE-EACB-4C99-935D-D8D325617338}.Release|Any CPU.ActiveCfg = Release|Any CPU
		{35D697CE-EACB-4C99-935D-D8D325617338}.Release|Any CPU.Build.0 = Release|Any CPU
		{453D5836-547A-43D6-9117-0B6D27259324}.Debug|Any CPU.ActiveCfg = Debug|Any CPU
		{453D5836-547A-43D6-9117-0B6D27259324}.Debug|Any CPU.Build.0 = Debug|Any CPU
		{453D5836-547A-43D6-9117-0B6D27259324}.Release|Any CPU.ActiveCfg = Release|Any CPU
		{453D5836-547A-43D6-9117-0B6D27259324}.Release|Any CPU.Build.0 = Release|Any CPU
		{E4FC8FE3-453C-42DD-A8F9-89744EDA1579}.Debug|Any CPU.ActiveCfg = Debug|Any CPU
		{E4FC8FE3-453C-42DD-A8F9-89744EDA1579}.Debug|Any CPU.Build.0 = Debug|Any CPU
		{E4FC8FE3-453C-42DD-A8F9-89744EDA1579}.Release|Any CPU.ActiveCfg = Release|Any CPU
		{E4FC8FE3-453C-42DD-A8F9-89744EDA1579}.Release|Any CPU.Build.0 = Release|Any CPU
		{CF3EA4FC-D126-4B8F-9D84-A40D3E692F11}.Debug|Any CPU.ActiveCfg = Debug|Any CPU
		{CF3EA4FC-D126-4B8F-9D84-A40D3E692F11}.Debug|Any CPU.Build.0 = Debug|Any CPU
		{CF3EA4FC-D126-4B8F-9D84-A40D3E692F11}.Release|Any CPU.ActiveCfg = Release|Any CPU
		{CF3EA4FC-D126-4B8F-9D84-A40D3E692F11}.Release|Any CPU.Build.0 = Release|Any CPU
		{3DE89A56-AF69-43DC-ABC9-8D00B60A9131}.Debug|Any CPU.ActiveCfg = Debug|Any CPU
		{3DE89A56-AF69-43DC-ABC9-8D00B60A9131}.Debug|Any CPU.Build.0 = Debug|Any CPU
		{3DE89A56-AF69-43DC-ABC9-8D00B60A9131}.Release|Any CPU.ActiveCfg = Release|Any CPU
		{3DE89A56-AF69-43DC-ABC9-8D00B60A9131}.Release|Any CPU.Build.0 = Release|Any CPU
		{3FB788BF-F97B-4CFB-950F-0FE63EE8E209}.Debug|Any CPU.ActiveCfg = Debug|Any CPU
		{3FB788BF-F97B-4CFB-950F-0FE63EE8E209}.Debug|Any CPU.Build.0 = Debug|Any CPU
		{3FB788BF-F97B-4CFB-950F-0FE63EE8E209}.Release|Any CPU.ActiveCfg = Release|Any CPU
		{3FB788BF-F97B-4CFB-950F-0FE63EE8E209}.Release|Any CPU.Build.0 = Release|Any CPU
		{E0613AE1-3E44-40B6-A01B-2E3497F2DBE8}.Debug|Any CPU.ActiveCfg = Debug|Any CPU
		{E0613AE1-3E44-40B6-A01B-2E3497F2DBE8}.Debug|Any CPU.Build.0 = Debug|Any CPU
		{E0613AE1-3E44-40B6-A01B-2E3497F2DBE8}.Release|Any CPU.ActiveCfg = Release|Any CPU
		{E0613AE1-3E44-40B6-A01B-2E3497F2DBE8}.Release|Any CPU.Build.0 = Release|Any CPU
		{0E8CCE1D-5A89-427B-BE50-99D27DB67F1C}.Debug|Any CPU.ActiveCfg = Debug|Any CPU
		{0E8CCE1D-5A89-427B-BE50-99D27DB67F1C}.Debug|Any CPU.Build.0 = Debug|Any CPU
		{0E8CCE1D-5A89-427B-BE50-99D27DB67F1C}.Release|Any CPU.ActiveCfg = Release|Any CPU
		{0E8CCE1D-5A89-427B-BE50-99D27DB67F1C}.Release|Any CPU.Build.0 = Release|Any CPU
		{73E2EF51-9D65-4C58-A7EE-2DDD345D8137}.Debug|Any CPU.ActiveCfg = Debug|Any CPU
		{73E2EF51-9D65-4C58-A7EE-2DDD345D8137}.Debug|Any CPU.Build.0 = Debug|Any CPU
		{73E2EF51-9D65-4C58-A7EE-2DDD345D8137}.Release|Any CPU.ActiveCfg = Release|Any CPU
		{73E2EF51-9D65-4C58-A7EE-2DDD345D8137}.Release|Any CPU.Build.0 = Release|Any CPU
		{61E61839-79DE-498D-BD3C-2813C0A66937}.Debug|Any CPU.ActiveCfg = Debug|Any CPU
		{61E61839-79DE-498D-BD3C-2813C0A66937}.Debug|Any CPU.Build.0 = Debug|Any CPU
		{61E61839-79DE-498D-BD3C-2813C0A66937}.Release|Any CPU.ActiveCfg = Release|Any CPU
		{61E61839-79DE-498D-BD3C-2813C0A66937}.Release|Any CPU.Build.0 = Release|Any CPU
		{977593DF-B741-478C-A4F9-2CC4607FCA66}.Debug|Any CPU.ActiveCfg = Debug|Any CPU
		{977593DF-B741-478C-A4F9-2CC4607FCA66}.Debug|Any CPU.Build.0 = Debug|Any CPU
		{977593DF-B741-478C-A4F9-2CC4607FCA66}.Release|Any CPU.ActiveCfg = Release|Any CPU
		{977593DF-B741-478C-A4F9-2CC4607FCA66}.Release|Any CPU.Build.0 = Release|Any CPU
		{FD8D18A5-ED66-4FC7-AD5B-DE4C46D9E741}.Debug|Any CPU.ActiveCfg = Debug|Any CPU
		{FD8D18A5-ED66-4FC7-AD5B-DE4C46D9E741}.Debug|Any CPU.Build.0 = Debug|Any CPU
		{FD8D18A5-ED66-4FC7-AD5B-DE4C46D9E741}.Release|Any CPU.ActiveCfg = Release|Any CPU
		{FD8D18A5-ED66-4FC7-AD5B-DE4C46D9E741}.Release|Any CPU.Build.0 = Release|Any CPU
		{523074CE-CC4E-4B39-9DCF-C68871D22333}.Debug|Any CPU.ActiveCfg = Debug|Any CPU
		{523074CE-CC4E-4B39-9DCF-C68871D22333}.Debug|Any CPU.Build.0 = Debug|Any CPU
		{523074CE-CC4E-4B39-9DCF-C68871D22333}.Release|Any CPU.ActiveCfg = Release|Any CPU
		{523074CE-CC4E-4B39-9DCF-C68871D22333}.Release|Any CPU.Build.0 = Release|Any CPU
		{6E524559-57A5-4F8A-B9E0-E21CA2A997BD}.Debug|Any CPU.ActiveCfg = Debug|Any CPU
		{6E524559-57A5-4F8A-B9E0-E21CA2A997BD}.Debug|Any CPU.Build.0 = Debug|Any CPU
		{6E524559-57A5-4F8A-B9E0-E21CA2A997BD}.Release|Any CPU.ActiveCfg = Release|Any CPU
		{6E524559-57A5-4F8A-B9E0-E21CA2A997BD}.Release|Any CPU.Build.0 = Release|Any CPU
		{CB307F19-02D1-498B-AAF4-30BDAF3C70E4}.Debug|Any CPU.ActiveCfg = Debug|Any CPU
		{CB307F19-02D1-498B-AAF4-30BDAF3C70E4}.Debug|Any CPU.Build.0 = Debug|Any CPU
		{CB307F19-02D1-498B-AAF4-30BDAF3C70E4}.Release|Any CPU.ActiveCfg = Release|Any CPU
		{CB307F19-02D1-498B-AAF4-30BDAF3C70E4}.Release|Any CPU.Build.0 = Release|Any CPU
		{3430C6AA-7549-4427-8AEF-7E023BEBAF63}.Debug|Any CPU.ActiveCfg = Debug|Any CPU
		{3430C6AA-7549-4427-8AEF-7E023BEBAF63}.Debug|Any CPU.Build.0 = Debug|Any CPU
		{3430C6AA-7549-4427-8AEF-7E023BEBAF63}.Release|Any CPU.ActiveCfg = Release|Any CPU
		{3430C6AA-7549-4427-8AEF-7E023BEBAF63}.Release|Any CPU.Build.0 = Release|Any CPU
		{2C43D7FE-33DF-43CD-924B-0444102F829B}.Debug|Any CPU.ActiveCfg = Debug|Any CPU
		{2C43D7FE-33DF-43CD-924B-0444102F829B}.Debug|Any CPU.Build.0 = Debug|Any CPU
		{2C43D7FE-33DF-43CD-924B-0444102F829B}.Release|Any CPU.ActiveCfg = Release|Any CPU
		{2C43D7FE-33DF-43CD-924B-0444102F829B}.Release|Any CPU.Build.0 = Release|Any CPU
		{B4E2B75E-03B5-4E58-B98D-7F568F433F04}.Debug|Any CPU.ActiveCfg = Debug|Any CPU
		{B4E2B75E-03B5-4E58-B98D-7F568F433F04}.Debug|Any CPU.Build.0 = Debug|Any CPU
		{B4E2B75E-03B5-4E58-B98D-7F568F433F04}.Release|Any CPU.ActiveCfg = Release|Any CPU
		{B4E2B75E-03B5-4E58-B98D-7F568F433F04}.Release|Any CPU.Build.0 = Release|Any CPU
		{D7815489-DEF7-4E22-838C-472BA9F1DA9C}.Debug|Any CPU.ActiveCfg = Debug|Any CPU
		{D7815489-DEF7-4E22-838C-472BA9F1DA9C}.Debug|Any CPU.Build.0 = Debug|Any CPU
		{D7815489-DEF7-4E22-838C-472BA9F1DA9C}.Release|Any CPU.ActiveCfg = Release|Any CPU
		{D7815489-DEF7-4E22-838C-472BA9F1DA9C}.Release|Any CPU.Build.0 = Release|Any CPU
	EndGlobalSection
	GlobalSection(SolutionProperties) = preSolution
		HideSolutionNode = FALSE
	EndGlobalSection
	GlobalSection(NestedProjects) = preSolution
		{4C70CF7C-F8AF-441F-99C0-CE737C15E259} = {69396AD9-CC8A-467C-A565-F10BCD8840A7}
		{A0B5A559-1EA5-4F4B-A5AD-7438E20A3AC0} = {69396AD9-CC8A-467C-A565-F10BCD8840A7}
		{3EB7758D-C5CD-4785-9077-F2B9C589E213} = {69396AD9-CC8A-467C-A565-F10BCD8840A7}
		{24C87A0B-4C61-4D54-84A6-65418B28EA79} = {69396AD9-CC8A-467C-A565-F10BCD8840A7}
		{A149B55D-9FCA-4C82-BE74-0051B55B7F24} = {734D8821-4323-403B-BD16-28638233B174}
		{D097B3C5-D7A6-4E41-8210-9FD21DB9644F} = {734D8821-4323-403B-BD16-28638233B174}
		{35B2BAAB-6F40-4CE4-AE0A-01B49FDABB87} = {69396AD9-CC8A-467C-A565-F10BCD8840A7}
		{CC442F13-F27D-4CF2-87E5-959B64E0703E} = {734D8821-4323-403B-BD16-28638233B174}
		{7D333A1B-70D9-4B5D-A1C5-B7E501531635} = {734D8821-4323-403B-BD16-28638233B174}
		{4BF71AF9-CC79-447B-A73D-28CFE7C9B8DD} = {7CF2E7A5-9312-42CA-BD64-E3304B3CEA22}
		{4C046CD2-8361-46C4-AFC7-82A5762B5C0E} = {7CF2E7A5-9312-42CA-BD64-E3304B3CEA22}
		{908A7C3B-4568-4682-8173-CBA40AB5B7E0} = {7CF2E7A5-9312-42CA-BD64-E3304B3CEA22}
		{35D697CE-EACB-4C99-935D-D8D325617338} = {7CF2E7A5-9312-42CA-BD64-E3304B3CEA22}
		{453D5836-547A-43D6-9117-0B6D27259324} = {7CF2E7A5-9312-42CA-BD64-E3304B3CEA22}
		{E4FC8FE3-453C-42DD-A8F9-89744EDA1579} = {7CF2E7A5-9312-42CA-BD64-E3304B3CEA22}
		{CF3EA4FC-D126-4B8F-9D84-A40D3E692F11} = {7CF2E7A5-9312-42CA-BD64-E3304B3CEA22}
		{3DE89A56-AF69-43DC-ABC9-8D00B60A9131} = {11AEF5F5-37A2-42FE-B19C-851704B12C47}
		{3FB788BF-F97B-4CFB-950F-0FE63EE8E209} = {7CF2E7A5-9312-42CA-BD64-E3304B3CEA22}
		{E0613AE1-3E44-40B6-A01B-2E3497F2DBE8} = {277EBCC9-0A09-429D-9C15-AC6F7D9E3AD7}
		{0E8CCE1D-5A89-427B-BE50-99D27DB67F1C} = {69396AD9-CC8A-467C-A565-F10BCD8840A7}
		{73E2EF51-9D65-4C58-A7EE-2DDD345D8137} = {69396AD9-CC8A-467C-A565-F10BCD8840A7}
		{61E61839-79DE-498D-BD3C-2813C0A66937} = {277EBCC9-0A09-429D-9C15-AC6F7D9E3AD7}
		{977593DF-B741-478C-A4F9-2CC4607FCA66} = {EC99863D-25E7-49F5-9F87-D43D0CEB23C2}
		{FD8D18A5-ED66-4FC7-AD5B-DE4C46D9E741} = {EC99863D-25E7-49F5-9F87-D43D0CEB23C2}
		{523074CE-CC4E-4B39-9DCF-C68871D22333} = {277EBCC9-0A09-429D-9C15-AC6F7D9E3AD7}
		{6E524559-57A5-4F8A-B9E0-E21CA2A997BD} = {1349F2E8-89B8-46E6-8DC6-459C1C45212A}
		{CB307F19-02D1-498B-AAF4-30BDAF3C70E4} = {1349F2E8-89B8-46E6-8DC6-459C1C45212A}
		{3430C6AA-7549-4427-8AEF-7E023BEBAF63} = {1349F2E8-89B8-46E6-8DC6-459C1C45212A}
		{2C43D7FE-33DF-43CD-924B-0444102F829B} = {1349F2E8-89B8-46E6-8DC6-459C1C45212A}
		{B4E2B75E-03B5-4E58-B98D-7F568F433F04} = {277EBCC9-0A09-429D-9C15-AC6F7D9E3AD7}
		{D7815489-DEF7-4E22-838C-472BA9F1DA9C} = {1349F2E8-89B8-46E6-8DC6-459C1C45212A}
	EndGlobalSection
	GlobalSection(ExtensibilityGlobals) = postSolution
		SolutionGuid = {EE87C261-FDA6-4597-8762-D7FD139AF499}
	EndGlobalSection
EndGlobal
